
Microsoft Visual Studio Solution File, Format Version 12.00
# Visual Studio Version 17
VisualStudioVersion = 17.1.32210.238
MinimumVisualStudioVersion = 10.0.40219.1
Project("{FAE04EC0-301F-11D3-BF4B-00C04F79EFBC}") = "AdventureGamesTheDungeon", "AdventureGamesTheDungeon.csproj", "{90E2A246-DA33-4BAD-8114-1808A27F85C5}"
EndProject
Global
	GlobalSection(SolutionConfigurationPlatforms) = preSolution
		Debug|Any CPU = Debug|Any CPU
		Release|Any CPU = Release|Any CPU
	EndGlobalSection
	GlobalSection(ProjectConfigurationPlatforms) = postSolution
		{90E2A246-DA33-4BAD-8114-1808A27F85C5}.Debug|Any CPU.ActiveCfg = Debug|Any CPU
		{90E2A246-DA33-4BAD-8114-1808A27F85C5}.Debug|Any CPU.Build.0 = Debug|Any CPU
		{90E2A246-DA33-4BAD-8114-1808A27F85C5}.Release|Any CPU.ActiveCfg = Release|Any CPU
		{90E2A246-DA33-4BAD-8114-1808A27F85C5}.Release|Any CPU.Build.0 = Release|Any CPU
	EndGlobalSection
	GlobalSection(SolutionProperties) = preSolution
		HideSolutionNode = FALSE
	EndGlobalSection
	GlobalSection(ExtensibilityGlobals) = postSolution
		SolutionGuid = {F1C8294F-0A5D-4C89-8332-9A867BF64A97}
	EndGlobalSection
EndGlobal
